// !$*UTF8*$!
{
	archiveVersion = 1;
	classes = {
	};
	objectVersion = 50;
	objects = {

/* Begin PBXBuildFile section */
		BAC4EEDE2215906D00369E05 /* AppDelegate.swift in Sources */ = {isa = PBXBuildFile; fileRef = BAC4EEDD2215906D00369E05 /* AppDelegate.swift */; };
		BAC4EEE02215906D00369E05 /* ViewController.swift in Sources */ = {isa = PBXBuildFile; fileRef = BAC4EEDF2215906D00369E05 /* ViewController.swift */; };
		BAC4EEE32215906D00369E05 /* Main.storyboard in Resources */ = {isa = PBXBuildFile; fileRef = BAC4EEE12215906D00369E05 /* Main.storyboard */; };
		BAC4EEE52215906F00369E05 /* Assets.xcassets in Resources */ = {isa = PBXBuildFile; fileRef = BAC4EEE42215906F00369E05 /* Assets.xcassets */; };
		BAC4EEE82215906F00369E05 /* LaunchScreen.storyboard in Resources */ = {isa = PBXBuildFile; fileRef = BAC4EEE62215906F00369E05 /* LaunchScreen.storyboard */; };
		BAC4EEF32215906F00369E05 /* browserAppTests.swift in Sources */ = {isa = PBXBuildFile; fileRef = BAC4EEF22215906F00369E05 /* browserAppTests.swift */; };
		BAC4EEFE2215906F00369E05 /* browserAppUITests.swift in Sources */ = {isa = PBXBuildFile; fileRef = BAC4EEFD2215906F00369E05 /* browserAppUITests.swift */; };
/* End PBXBuildFile section */

/* Begin PBXContainerItemProxy section */
		BAC4EEEF2215906F00369E05 /* PBXContainerItemProxy */ = {
			isa = PBXContainerItemProxy;
			containerPortal = BAC4EED22215906D00369E05 /* Project object */;
			proxyType = 1;
			remoteGlobalIDString = BAC4EED92215906D00369E05;
			remoteInfo = browserApp;
		};
		BAC4EEFA2215906F00369E05 /* PBXContainerItemProxy */ = {
			isa = PBXContainerItemProxy;
			containerPortal = BAC4EED22215906D00369E05 /* Project object */;
			proxyType = 1;
			remoteGlobalIDString = BAC4EED92215906D00369E05;
			remoteInfo = browserApp;
		};
/* End PBXContainerItemProxy section */

/* Begin PBXFileReference section */
		BAC4EEDA2215906D00369E05 /* browserApp.app */ = {isa = PBXFileReference; explicitFileType = wrapper.application; includeInIndex = 0; path = browserApp.app; sourceTree = BUILT_PRODUCTS_DIR; };
		BAC4EEDD2215906D00369E05 /* AppDelegate.swift */ = {isa = PBXFileReference; lastKnownFileType = sourcecode.swift; path = AppDelegate.swift; sourceTree = "<group>"; };
		BAC4EEDF2215906D00369E05 /* ViewController.swift */ = {isa = PBXFileReference; lastKnownFileType = sourcecode.swift; path = ViewController.swift; sourceTree = "<group>"; };
		BAC4EEE22215906D00369E05 /* Base */ = {isa = PBXFileReference; lastKnownFileType = file.storyboard; name = Base; path = Base.lproj/Main.storyboard; sourceTree = "<group>"; };
		BAC4EEE42215906F00369E05 /* Assets.xcassets */ = {isa = PBXFileReference; lastKnownFileType = folder.assetcatalog; path = Assets.xcassets; sourceTree = "<group>"; };
		BAC4EEE72215906F00369E05 /* Base */ = {isa = PBXFileReference; lastKnownFileType = file.storyboard; name = Base; path = Base.lproj/LaunchScreen.storyboard; sourceTree = "<group>"; };
		BAC4EEE92215906F00369E05 /* Info.plist */ = {isa = PBXFileReference; lastKnownFileType = text.plist.xml; path = Info.plist; sourceTree = "<group>"; };
		BAC4EEEE2215906F00369E05 /* browserAppTests.xctest */ = {isa = PBXFileReference; explicitFileType = wrapper.cfbundle; includeInIndex = 0; path = browserAppTests.xctest; sourceTree = BUILT_PRODUCTS_DIR; };
		BAC4EEF22215906F00369E05 /* browserAppTests.swift */ = {isa = PBXFileReference; lastKnownFileType = sourcecode.swift; path = browserAppTests.swift; sourceTree = "<group>"; };
		BAC4EEF42215906F00369E05 /* Info.plist */ = {isa = PBXFileReference; lastKnownFileType = text.plist.xml; path = Info.plist; sourceTree = "<group>"; };
		BAC4EEF92215906F00369E05 /* browserAppUITests.xctest */ = {isa = PBXFileReference; explicitFileType = wrapper.cfbundle; includeInIndex = 0; path = browserAppUITests.xctest; sourceTree = BUILT_PRODUCTS_DIR; };
		BAC4EEFD2215906F00369E05 /* browserAppUITests.swift */ = {isa = PBXFileReference; lastKnownFileType = sourcecode.swift; path = browserAppUITests.swift; sourceTree = "<group>"; };
		BAC4EEFF2215906F00369E05 /* Info.plist */ = {isa = PBXFileReference; lastKnownFileType = text.plist.xml; path = Info.plist; sourceTree = "<group>"; };
/* End PBXFileReference section */

/* Begin PBXFrameworksBuildPhase section */
		BAC4EED72215906D00369E05 /* Frameworks */ = {
			isa = PBXFrameworksBuildPhase;
			buildActionMask = 2147483647;
			files = (
			);
			runOnlyForDeploymentPostprocessing = 0;
		};
		BAC4EEEB2215906F00369E05 /* Frameworks */ = {
			isa = PBXFrameworksBuildPhase;
			buildActionMask = 2147483647;
			files = (
			);
			runOnlyForDeploymentPostprocessing = 0;
		};
		BAC4EEF62215906F00369E05 /* Frameworks */ = {
			isa = PBXFrameworksBuildPhase;
			buildActionMask = 2147483647;
			files = (
			);
			runOnlyForDeploymentPostprocessing = 0;
		};
/* End PBXFrameworksBuildPhase section */

/* Begin PBXGroup section */
		BAC4EED12215906D00369E05 = {
			isa = PBXGroup;
			children = (
				BAC4EEDC2215906D00369E05 /* browserApp */,
				BAC4EEF12215906F00369E05 /* browserAppTests */,
				BAC4EEFC2215906F00369E05 /* browserAppUITests */,
				BAC4EEDB2215906D00369E05 /* Products */,
			);
			sourceTree = "<group>";
		};
		BAC4EEDB2215906D00369E05 /* Products */ = {
			isa = PBXGroup;
			children = (
				BAC4EEDA2215906D00369E05 /* browserApp.app */,
				BAC4EEEE2215906F00369E05 /* browserAppTests.xctest */,
				BAC4EEF92215906F00369E05 /* browserAppUITests.xctest */,
			);
			name = Products;
			sourceTree = "<group>";
		};
		BAC4EEDC2215906D00369E05 /* browserApp */ = {
			isa = PBXGroup;
			children = (
				BAC4EEDD2215906D00369E05 /* AppDelegate.swift */,
				BAC4EEDF2215906D00369E05 /* ViewController.swift */,
				BAC4EEE12215906D00369E05 /* Main.storyboard */,
				BAC4EEE42215906F00369E05 /* Assets.xcassets */,
				BAC4EEE62215906F00369E05 /* LaunchScreen.storyboard */,
				BAC4EEE92215906F00369E05 /* Info.plist */,
			);
			path = browserApp;
			sourceTree = "<group>";
		};
		BAC4EEF12215906F00369E05 /* browserAppTests */ = {
			isa = PBXGroup;
			children = (
				BAC4EEF22215906F00369E05 /* browserAppTests.swift */,
				BAC4EEF42215906F00369E05 /* Info.plist */,
			);
			path = browserAppTests;
			sourceTree = "<group>";
		};
		BAC4EEFC2215906F00369E05 /* browserAppUITests */ = {
			isa = PBXGroup;
			children = (
				BAC4EEFD2215906F00369E05 /* browserAppUITests.swift */,
				BAC4EEFF2215906F00369E05 /* Info.plist */,
			);
			path = browserAppUITests;
			sourceTree = "<group>";
		};
/* End PBXGroup section */

/* Begin PBXNativeTarget section */
		BAC4EED92215906D00369E05 /* browserApp */ = {
			isa = PBXNativeTarget;
			buildConfigurationList = BAC4EF022215906F00369E05 /* Build configuration list for PBXNativeTarget "browserApp" */;
			buildPhases = (
				BAC4EED62215906D00369E05 /* Sources */,
				BAC4EED72215906D00369E05 /* Frameworks */,
				BAC4EED82215906D00369E05 /* Resources */,
			);
			buildRules = (
			);
			dependencies = (
			);
			name = browserApp;
			productName = browserApp;
			productReference = BAC4EEDA2215906D00369E05 /* browserApp.app */;
			productType = "com.apple.product-type.application";
		};
		BAC4EEED2215906F00369E05 /* browserAppTests */ = {
			isa = PBXNativeTarget;
			buildConfigurationList = BAC4EF052215906F00369E05 /* Build configuration list for PBXNativeTarget "browserAppTests" */;
			buildPhases = (
				BAC4EEEA2215906F00369E05 /* Sources */,
				BAC4EEEB2215906F00369E05 /* Frameworks */,
				BAC4EEEC2215906F00369E05 /* Resources */,
			);
			buildRules = (
			);
			dependencies = (
				BAC4EEF02215906F00369E05 /* PBXTargetDependency */,
			);
			name = browserAppTests;
			productName = browserAppTests;
			productReference = BAC4EEEE2215906F00369E05 /* browserAppTests.xctest */;
			productType = "com.apple.product-type.bundle.unit-test";
		};
		BAC4EEF82215906F00369E05 /* browserAppUITests */ = {
			isa = PBXNativeTarget;
			buildConfigurationList = BAC4EF082215906F00369E05 /* Build configuration list for PBXNativeTarget "browserAppUITests" */;
			buildPhases = (
				BAC4EEF52215906F00369E05 /* Sources */,
				BAC4EEF62215906F00369E05 /* Frameworks */,
				BAC4EEF72215906F00369E05 /* Resources */,
			);
			buildRules = (
			);
			dependencies = (
				BAC4EEFB2215906F00369E05 /* PBXTargetDependency */,
			);
			name = browserAppUITests;
			productName = browserAppUITests;
			productReference = BAC4EEF92215906F00369E05 /* browserAppUITests.xctest */;
			productType = "com.apple.product-type.bundle.ui-testing";
		};
/* End PBXNativeTarget section */

/* Begin PBXProject section */
		BAC4EED22215906D00369E05 /* Project object */ = {
			isa = PBXProject;
			attributes = {
				LastSwiftUpdateCheck = 1010;
				LastUpgradeCheck = 1010;
				ORGANIZATIONNAME = "西濱夢成";
				TargetAttributes = {
					BAC4EED92215906D00369E05 = {
						CreatedOnToolsVersion = 10.1;
					};
					BAC4EEED2215906F00369E05 = {
						CreatedOnToolsVersion = 10.1;
						TestTargetID = BAC4EED92215906D00369E05;
					};
					BAC4EEF82215906F00369E05 = {
						CreatedOnToolsVersion = 10.1;
						TestTargetID = BAC4EED92215906D00369E05;
					};
				};
			};
			buildConfigurationList = BAC4EED52215906D00369E05 /* Build configuration list for PBXProject "browserApp" */;
			compatibilityVersion = "Xcode 9.3";
			developmentRegion = en;
			hasScannedForEncodings = 0;
			knownRegions = (
				en,
				Base,
			);
			mainGroup = BAC4EED12215906D00369E05;
			productRefGroup = BAC4EEDB2215906D00369E05 /* Products */;
			projectDirPath = "";
			projectRoot = "";
			targets = (
				BAC4EED92215906D00369E05 /* browserApp */,
				BAC4EEED2215906F00369E05 /* browserAppTests */,
				BAC4EEF82215906F00369E05 /* browserAppUITests */,
			);
		};
/* End PBXProject section */

/* Begin PBXResourcesBuildPhase section */
		BAC4EED82215906D00369E05 /* Resources */ = {
			isa = PBXResourcesBuildPhase;
			buildActionMask = 2147483647;
			files = (
				BAC4EEE82215906F00369E05 /* LaunchScreen.storyboard in Resources */,
				BAC4EEE52215906F00369E05 /* Assets.xcassets in Resources */,
				BAC4EEE32215906D00369E05 /* Main.storyboard in Resources */,
			);
			runOnlyForDeploymentPostprocessing = 0;
		};
		BAC4EEEC2215906F00369E05 /* Resources */ = {
			isa = PBXResourcesBuildPhase;
			buildActionMask = 2147483647;
			files = (
			);
			runOnlyForDeploymentPostprocessing = 0;
		};
		BAC4EEF72215906F00369E05 /* Resources */ = {
			isa = PBXResourcesBuildPhase;
			buildActionMask = 2147483647;
			files = (
			);
			runOnlyForDeploymentPostprocessing = 0;
		};
/* End PBXResourcesBuildPhase section */

/* Begin PBXSourcesBuildPhase section */
		BAC4EED62215906D00369E05 /* Sources */ = {
			isa = PBXSourcesBuildPhase;
			buildActionMask = 2147483647;
			files = (
				BAC4EEE02215906D00369E05 /* ViewController.swift in Sources */,
				BAC4EEDE2215906D00369E05 /* AppDelegate.swift in Sources */,
			);
			runOnlyForDeploymentPostprocessing = 0;
		};
		BAC4EEEA2215906F00369E05 /* Sources */ = {
			isa = PBXSourcesBuildPhase;
			buildActionMask = 2147483647;
			files = (
				BAC4EEF32215906F00369E05 /* browserAppTests.swift in Sources */,
			);
			runOnlyForDeploymentPostprocessing = 0;
		};
		BAC4EEF52215906F00369E05 /* Sources */ = {
			isa = PBXSourcesBuildPhase;
			buildActionMask = 2147483647;
			files = (
				BAC4EEFE2215906F00369E05 /* browserAppUITests.swift in Sources */,
			);
			runOnlyForDeploymentPostprocessing = 0;
		};
/* End PBXSourcesBuildPhase section */

/* Begin PBXTargetDependency section */
		BAC4EEF02215906F00369E05 /* PBXTargetDependency */ = {
			isa = PBXTargetDependency;
			target = BAC4EED92215906D00369E05 /* browserApp */;
			targetProxy = BAC4EEEF2215906F00369E05 /* PBXContainerItemProxy */;
		};
		BAC4EEFB2215906F00369E05 /* PBXTargetDependency */ = {
			isa = PBXTargetDependency;
			target = BAC4EED92215906D00369E05 /* browserApp */;
			targetProxy = BAC4EEFA2215906F00369E05 /* PBXContainerItemProxy */;
		};
/* End PBXTargetDependency section */

/* Begin PBXVariantGroup section */
		BAC4EEE12215906D00369E05 /* Main.storyboard */ = {
			isa = PBXVariantGroup;
			children = (
				BAC4EEE22215906D00369E05 /* Base */,
			);
			name = Main.storyboard;
			sourceTree = "<group>";
		};
		BAC4EEE62215906F00369E05 /* LaunchScreen.storyboard */ = {
			isa = PBXVariantGroup;
			children = (
				BAC4EEE72215906F00369E05 /* Base */,
			);
			name = LaunchScreen.storyboard;
			sourceTree = "<group>";
		};
/* End PBXVariantGroup section */

/* Begin XCBuildConfiguration section */
		BAC4EF002215906F00369E05 /* Debug */ = {
			isa = XCBuildConfiguration;
			buildSettings = {
				ALWAYS_SEARCH_USER_PATHS = NO;
				CLANG_ANALYZER_NONNULL = YES;
				CLANG_ANALYZER_NUMBER_OBJECT_CONVERSION = YES_AGGRESSIVE;
				CLANG_CXX_LANGUAGE_STANDARD = "gnu++14";
				CLANG_CXX_LIBRARY = "libc++";
				CLANG_ENABLE_MODULES = YES;
				CLANG_ENABLE_OBJC_ARC = YES;
				CLANG_ENABLE_OBJC_WEAK = YES;
				CLANG_WARN_BLOCK_CAPTURE_AUTORELEASING = YES;
				CLANG_WARN_BOOL_CONVERSION = YES;
				CLANG_WARN_COMMA = YES;
				CLANG_WARN_CONSTANT_CONVERSION = YES;
				CLANG_WARN_DEPRECATED_OBJC_IMPLEMENTATIONS = YES;
				CLANG_WARN_DIRECT_OBJC_ISA_USAGE = YES_ERROR;
				CLANG_WARN_DOCUMENTATION_COMMENTS = YES;
				CLANG_WARN_EMPTY_BODY = YES;
				CLANG_WARN_ENUM_CONVERSION = YES;
				CLANG_WARN_INFINITE_RECURSION = YES;
				CLANG_WARN_INT_CONVERSION = YES;
				CLANG_WARN_NON_LITERAL_NULL_CONVERSION = YES;
				CLANG_WARN_OBJC_IMPLICIT_RETAIN_SELF = YES;
				CLANG_WARN_OBJC_LITERAL_CONVERSION = YES;
				CLANG_WARN_OBJC_ROOT_CLASS = YES_ERROR;
				CLANG_WARN_RANGE_LOOP_ANALYSIS = YES;
				CLANG_WARN_STRICT_PROTOTYPES = YES;
				CLANG_WARN_SUSPICIOUS_MOVE = YES;
				CLANG_WARN_UNGUARDED_AVAILABILITY = YES_AGGRESSIVE;
				CLANG_WARN_UNREACHABLE_CODE = YES;
				CLANG_WARN__DUPLICATE_METHOD_MATCH = YES;
				CODE_SIGN_IDENTITY = "iPhone Developer";
				COPY_PHASE_STRIP = NO;
				DEBUG_INFORMATION_FORMAT = dwarf;
				ENABLE_STRICT_OBJC_MSGSEND = YES;
				ENABLE_TESTABILITY = YES;
				GCC_C_LANGUAGE_STANDARD = gnu11;
				GCC_DYNAMIC_NO_PIC = NO;
				GCC_NO_COMMON_BLOCKS = YES;
				GCC_OPTIMIZATION_LEVEL = 0;
				GCC_PREPROCESSOR_DEFINITIONS = (
					"DEBUG=1",
					"$(inherited)",
				);
				GCC_WARN_64_TO_32_BIT_CONVERSION = YES;
				GCC_WARN_ABOUT_RETURN_TYPE = YES_ERROR;
				GCC_WARN_UNDECLARED_SELECTOR = YES;
				GCC_WARN_UNINITIALIZED_AUTOS = YES_AGGRESSIVE;
				GCC_WARN_UNUSED_FUNCTION = YES;
				GCC_WARN_UNUSED_VARIABLE = YES;
				IPHONEOS_DEPLOYMENT_TARGET = 12.1;
				MTL_ENABLE_DEBUG_INFO = INCLUDE_SOURCE;
				MTL_FAST_MATH = YES;
				ONLY_ACTIVE_ARCH = YES;
				SDKROOT = iphoneos;
				SWIFT_ACTIVE_COMPILATION_CONDITIONS = DEBUG;
				SWIFT_OPTIMIZATION_LEVEL = "-Onone";
			};
			name = Debug;
		};
		BAC4EF012215906F00369E05 /* Release */ = {
			isa = XCBuildConfiguration;
			buildSettings = {
				ALWAYS_SEARCH_USER_PATHS = NO;
				CLANG_ANALYZER_NONNULL = YES;
				CLANG_ANALYZER_NUMBER_OBJECT_CONVERSION = YES_AGGRESSIVE;
				CLANG_CXX_LANGUAGE_STANDARD = "gnu++14";
				CLANG_CXX_LIBRARY = "libc++";
				CLANG_ENABLE_MODULES = YES;
				CLANG_ENABLE_OBJC_ARC = YES;
				CLANG_ENABLE_OBJC_WEAK = YES;
				CLANG_WARN_BLOCK_CAPTURE_AUTORELEASING = YES;
				CLANG_WARN_BOOL_CONVERSION = YES;
				CLANG_WARN_COMMA = YES;
				CLANG_WARN_CONSTANT_CONVERSION = YES;
				CLANG_WARN_DEPRECATED_OBJC_IMPLEMENTATIONS = YES;
				CLANG_WARN_DIRECT_OBJC_ISA_USAGE = YES_ERROR;
				CLANG_WARN_DOCUMENTATION_COMMENTS = YES;
				CLANG_WARN_EMPTY_BODY = YES;
				CLANG_WARN_ENUM_CONVERSION = YES;
				CLANG_WARN_INFINITE_RECURSION = YES;
				CLANG_WARN_INT_CONVERSION = YES;
				CLANG_WARN_NON_LITERAL_NULL_CONVERSION = YES;
				CLANG_WARN_OBJC_IMPLICIT_RETAIN_SELF = YES;
				CLANG_WARN_OBJC_LITERAL_CONVERSION = YES;
				CLANG_WARN_OBJC_ROOT_CLASS = YES_ERROR;
				CLANG_WARN_RANGE_LOOP_ANALYSIS = YES;
				CLANG_WARN_STRICT_PROTOTYPES = YES;
				CLANG_WARN_SUSPICIOUS_MOVE = YES;
				CLANG_WARN_UNGUARDED_AVAILABILITY = YES_AGGRESSIVE;
				CLANG_WARN_UNREACHABLE_CODE = YES;
				CLANG_WARN__DUPLICATE_METHOD_MATCH = YES;
				CODE_SIGN_IDENTITY = "iPhone Developer";
				COPY_PHASE_STRIP = NO;
				DEBUG_INFORMATION_FORMAT = "dwarf-with-dsym";
				ENABLE_NS_ASSERTIONS = NO;
				ENABLE_STRICT_OBJC_MSGSEND = YES;
				GCC_C_LANGUAGE_STANDARD = gnu11;
				GCC_NO_COMMON_BLOCKS = YES;
				GCC_WARN_64_TO_32_BIT_CONVERSION = YES;
				GCC_WARN_ABOUT_RETURN_TYPE = YES_ERROR;
				GCC_WARN_UNDECLARED_SELECTOR = YES;
				GCC_WARN_UNINITIALIZED_AUTOS = YES_AGGRESSIVE;
				GCC_WARN_UNUSED_FUNCTION = YES;
				GCC_WARN_UNUSED_VARIABLE = YES;
				IPHONEOS_DEPLOYMENT_TARGET = 12.1;
				MTL_ENABLE_DEBUG_INFO = NO;
				MTL_FAST_MATH = YES;
				SDKROOT = iphoneos;
				SWIFT_COMPILATION_MODE = wholemodule;
				SWIFT_OPTIMIZATION_LEVEL = "-O";
				VALIDATE_PRODUCT = YES;
			};
			name = Release;
		};
		BAC4EF032215906F00369E05 /* Debug */ = {
			isa = XCBuildConfiguration;
			buildSettings = {
				ASSETCATALOG_COMPILER_APPICON_NAME = AppIcon;
				CODE_SIGN_STYLE = Automatic;
				INFOPLIST_FILE = browserApp/Info.plist;
				LD_RUNPATH_SEARCH_PATHS = (
					"$(inherited)",
					"@executable_path/Frameworks",
				);
				PRODUCT_BUNDLE_IDENTIFIER = com.example.browserApp;
				PRODUCT_NAME = "$(TARGET_NAME)";
				SWIFT_VERSION = 4.2;
				TARGETED_DEVICE_FAMILY = "1,2";
			};
			name = Debug;
		};
		BAC4EF042215906F00369E05 /* Release */ = {
			isa = XCBuildConfiguration;
			buildSettings = {
				ASSETCATALOG_COMPILER_APPICON_NAME = AppIcon;
				CODE_SIGN_STYLE = Automatic;
				INFOPLIST_FILE = browserApp/Info.plist;
				LD_RUNPATH_SEARCH_PATHS = (
					"$(inherited)",
					"@executable_path/Frameworks",
				);
				PRODUCT_BUNDLE_IDENTIFIER = com.example.browserApp;
				PRODUCT_NAME = "$(TARGET_NAME)";
				SWIFT_VERSION = 4.2;
				TARGETED_DEVICE_FAMILY = "1,2";
			};
			name = Release;
		};
		BAC4EF062215906F00369E05 /* Debug */ = {
			isa = XCBuildConfiguration;
			buildSettings = {
				ALWAYS_EMBED_SWIFT_STANDARD_LIBRARIES = YES;
				BUNDLE_LOADER = "$(TEST_HOST)";
				CODE_SIGN_STYLE = Automatic;
				INFOPLIST_FILE = browserAppTests/Info.plist;
				LD_RUNPATH_SEARCH_PATHS = (
					"$(inherited)",
					"@executable_path/Frameworks",
					"@loader_path/Frameworks",
				);
				PRODUCT_BUNDLE_IDENTIFIER = com.example.browserAppTests;
				PRODUCT_NAME = "$(TARGET_NAME)";
				SWIFT_VERSION = 4.2;
				TARGETED_DEVICE_FAMILY = "1,2";
				TEST_HOST = "$(BUILT_PRODUCTS_DIR)/browserApp.app/browserApp";
			};
			name = Debug;
		};
		BAC4EF072215906F00369E05 /* Release */ = {
			isa = XCBuildConfiguration;
			buildSettings = {
				ALWAYS_EMBED_SWIFT_STANDARD_LIBRARIES = YES;
				BUNDLE_LOADER = "$(TEST_HOST)";
				CODE_SIGN_STYLE = Automatic;
				INFOPLIST_FILE = browserAppTests/Info.plist;
				LD_RUNPATH_SEARCH_PATHS = (
					"$(inherited)",
					"@executable_path/Frameworks",
					"@loader_path/Frameworks",
				);
				PRODUCT_BUNDLE_IDENTIFIER = com.example.browserAppTests;
				PRODUCT_NAME = "$(TARGET_NAME)";
				SWIFT_VERSION = 4.2;
				TARGETED_DEVICE_FAMILY = "1,2";
				TEST_HOST = "$(BUILT_PRODUCTS_DIR)/browserApp.app/browserApp";
			};
			name = Release;
		};
		BAC4EF092215906F00369E05 /* Debug */ = {
			isa = XCBuildConfiguration;
			buildSettings = {
				ALWAYS_EMBED_SWIFT_STANDARD_LIBRARIES = YES;
				CODE_SIGN_STYLE = Automatic;
				INFOPLIST_FILE = browserAppUITests/Info.plist;
				LD_RUNPATH_SEARCH_PATHS = (
					"$(inherited)",
					"@executable_path/Frameworks",
					"@loader_path/Frameworks",
				);
				PRODUCT_BUNDLE_IDENTIFIER = com.example.browserAppUITests;
				PRODUCT_NAME = "$(TARGET_NAME)";
				SWIFT_VERSION = 4.2;
				TARGETED_DEVICE_FAMILY = "1,2";
				TEST_TARGET_NAME = browserApp;
			};
			name = Debug;
		};
		BAC4EF0A2215906F00369E05 /* Release */ = {
			isa = XCBuildConfiguration;
			buildSettings = {
				ALWAYS_EMBED_SWIFT_STANDARD_LIBRARIES = YES;
				CODE_SIGN_STYLE = Automatic;
				INFOPLIST_FILE = browserAppUITests/Info.plist;
				LD_RUNPATH_SEARCH_PATHS = (
					"$(inherited)",
					"@executable_path/Frameworks",
					"@loader_path/Frameworks",
				);
				PRODUCT_BUNDLE_IDENTIFIER = com.example.browserAppUITests;
				PRODUCT_NAME = "$(TARGET_NAME)";
				SWIFT_VERSION = 4.2;
				TARGETED_DEVICE_FAMILY = "1,2";
				TEST_TARGET_NAME = browserApp;
			};
			name = Release;
		};
/* End XCBuildConfiguration section */

/* Begin XCConfigurationList section */
		BAC4EED52215906D00369E05 /* Build configuration list for PBXProject "browserApp" */ = {
			isa = XCConfigurationList;
			buildConfigurations = (
				BAC4EF002215906F00369E05 /* Debug */,
				BAC4EF012215906F00369E05 /* Release */,
			);
			defaultConfigurationIsVisible = 0;
			defaultConfigurationName = Release;
		};
		BAC4EF022215906F00369E05 /* Build configuration list for PBXNativeTarget "browserApp" */ = {
			isa = XCConfigurationList;
			buildConfigurations = (
				BAC4EF032215906F00369E05 /* Debug */,
				BAC4EF042215906F00369E05 /* Release */,
			);
			defaultConfigurationIsVisible = 0;
			defaultConfigurationName = Release;
		};
		BAC4EF052215906F00369E05 /* Build configuration list for PBXNativeTarget "browserAppTests" */ = {
			isa = XCConfigurationList;
			buildConfigurations = (
				BAC4EF062215906F00369E05 /* Debug */,
				BAC4EF072215906F00369E05 /* Release */,
			);
			defaultConfigurationIsVisible = 0;
			defaultConfigurationName = Release;
		};
		BAC4EF082215906F00369E05 /* Build configuration list for PBXNativeTarget "browserAppUITests" */ = {
			isa = XCConfigurationList;
			buildConfigurations = (
				BAC4EF092215906F00369E05 /* Debug */,
				BAC4EF0A2215906F00369E05 /* Release */,
			);
			defaultConfigurationIsVisible = 0;
			defaultConfigurationName = Release;
		};
/* End XCConfigurationList section */
	};
	rootObject = BAC4EED22215906D00369E05 /* Project object */;
}
